
Microsoft Visual Studio Solution File, Format Version 12.00
# Visual Studio Version 16
VisualStudioVersion = 16.0.32413.511
MinimumVisualStudioVersion = 10.0.40219.1
Project("{FAE04EC0-301F-11D3-BF4B-00C04F79EFBC}") = "TextTranslator", "TextTranslator\TextTranslator.csproj", "{F39E4038-78EA-4E76-A722-8952A8D3D13E}"
EndProject
Global
	GlobalSection(SolutionConfigurationPlatforms) = preSolution
		Debug|Any CPU = Debug|Any CPU
		Release|Any CPU = Release|Any CPU
	EndGlobalSection
	GlobalSection(ProjectConfigurationPlatforms) = postSolution
		{F39E4038-78EA-4E76-A722-8952A8D3D13E}.Debug|Any CPU.ActiveCfg = Debug|Any CPU
		{F39E4038-78EA-4E76-A722-8952A8D3D13E}.Debug|Any CPU.Build.0 = Debug|Any CPU
		{F39E4038-78EA-4E76-A722-8952A8D3D13E}.Release|Any CPU.ActiveCfg = Release|Any CPU
		{F39E4038-78EA-4E76-A722-8952A8D3D13E}.Release|Any CPU.Build.0 = Release|Any CPU
	EndGlobalSection
	GlobalSection(SolutionProperties) = preSolution
		HideSolutionNode = FALSE
	EndGlobalSection
	GlobalSection(ExtensibilityGlobals) = postSolution
		SolutionGuid = {321270C7-7796-4286-995A-BC91E3E2AF7D}
	EndGlobalSection
EndGlobal
